
Microsoft Visual Studio Solution File, Format Version 12.00
# Visual Studio 15
VisualStudioVersion = 15.0.28307.1082
MinimumVisualStudioVersion = 10.0.40219.1
Project("{FAE04EC0-301F-11D3-BF4B-00C04F79EFBC}") = "SimpleWebApplicationG3", "SimpleWebApplicationG3\SimpleWebApplicationG3.csproj", "{8679276A-A985-4B78-A70B-675346747AA2}"
EndProject
Global
	GlobalSection(SolutionConfigurationPlatforms) = preSolution
		Debug|Any CPU = Debug|Any CPU
		Release|Any CPU = Release|Any CPU
	EndGlobalSection
	GlobalSection(ProjectConfigurationPlatforms) = postSolution
		{8679276A-A985-4B78-A70B-675346747AA2}.Debug|Any CPU.ActiveCfg = Debug|Any CPU
		{8679276A-A985-4B78-A70B-675346747AA2}.Debug|Any CPU.Build.0 = Debug|Any CPU
		{8679276A-A985-4B78-A70B-675346747AA2}.Release|Any CPU.ActiveCfg = Release|Any CPU
		{8679276A-A985-4B78-A70B-675346747AA2}.Release|Any CPU.Build.0 = Release|Any CPU
	EndGlobalSection
	GlobalSection(SolutionProperties) = preSolution
		HideSolutionNode = FALSE
	EndGlobalSection
	GlobalSection(ExtensibilityGlobals) = postSolution
		SolutionGuid = {74522F0A-98ED-454A-AC12-14F26C04C6B3}
	EndGlobalSection
EndGlobal
